
Microsoft Visual Studio Solution File, Format Version 12.00
# Visual Studio Version 16
VisualStudioVersion = 16.0.29519.181
MinimumVisualStudioVersion = 10.0.40219.1
Project("{9A19103F-16F7-4668-BE54-9A1E7A4F7556}") = "Epam5", "Epam5\Epam5.csproj", "{7C83F8F9-8939-4AC0-99B5-CAA8165C5304}"
EndProject
Project("{9A19103F-16F7-4668-BE54-9A1E7A4F7556}") = "Epam5.EFDAL", "Epam5.EFDAL\Epam5.EFDAL.csproj", "{AD768007-D02C-4AF4-A93F-2EE71F1B689E}"
EndProject
Project("{9A19103F-16F7-4668-BE54-9A1E7A4F7556}") = "Epam5.BLL", "Epam5.BLL\Epam5.BLL.csproj", "{D8990950-FF22-4502-BDBB-9A3CDBE7DBF5}"
EndProject
Project("{9A19103F-16F7-4668-BE54-9A1E7A4F7556}") = "Epam5.PL", "Epam5.PL\Epam5.PL.csproj", "{9CA2C640-4790-4ED6-B1C3-C59A179643B1}"
EndProject
Project("{FAE04EC0-301F-11D3-BF4B-00C04F79EFBC}") = "Epam5.ADODAL", "Epam5.ADODAL\Epam5.ADODAL.csproj", "{457C02F9-205E-4E5B-91B0-4F6BAC69F736}"
EndProject
Global
	GlobalSection(SolutionConfigurationPlatforms) = preSolution
		Debug|Any CPU = Debug|Any CPU
		Release|Any CPU = Release|Any CPU
	EndGlobalSection
	GlobalSection(ProjectConfigurationPlatforms) = postSolution
		{7C83F8F9-8939-4AC0-99B5-CAA8165C5304}.Debug|Any CPU.ActiveCfg = Debug|Any CPU
		{7C83F8F9-8939-4AC0-99B5-CAA8165C5304}.Debug|Any CPU.Build.0 = Debug|Any CPU
		{7C83F8F9-8939-4AC0-99B5-CAA8165C5304}.Release|Any CPU.ActiveCfg = Release|Any CPU
		{7C83F8F9-8939-4AC0-99B5-CAA8165C5304}.Release|Any CPU.Build.0 = Release|Any CPU
		{AD768007-D02C-4AF4-A93F-2EE71F1B689E}.Debug|Any CPU.ActiveCfg = Debug|Any CPU
		{AD768007-D02C-4AF4-A93F-2EE71F1B689E}.Debug|Any CPU.Build.0 = Debug|Any CPU
		{AD768007-D02C-4AF4-A93F-2EE71F1B689E}.Release|Any CPU.ActiveCfg = Release|Any CPU
		{AD768007-D02C-4AF4-A93F-2EE71F1B689E}.Release|Any CPU.Build.0 = Release|Any CPU
		{D8990950-FF22-4502-BDBB-9A3CDBE7DBF5}.Debug|Any CPU.ActiveCfg = Debug|Any CPU
		{D8990950-FF22-4502-BDBB-9A3CDBE7DBF5}.Debug|Any CPU.Build.0 = Debug|Any CPU
		{D8990950-FF22-4502-BDBB-9A3CDBE7DBF5}.Release|Any CPU.ActiveCfg = Release|Any CPU
		{D8990950-FF22-4502-BDBB-9A3CDBE7DBF5}.Release|Any CPU.Build.0 = Release|Any CPU
		{9CA2C640-4790-4ED6-B1C3-C59A179643B1}.Debug|Any CPU.ActiveCfg = Debug|Any CPU
		{9CA2C640-4790-4ED6-B1C3-C59A179643B1}.Debug|Any CPU.Build.0 = Debug|Any CPU
		{9CA2C640-4790-4ED6-B1C3-C59A179643B1}.Release|Any CPU.ActiveCfg = Release|Any CPU
		{9CA2C640-4790-4ED6-B1C3-C59A179643B1}.Release|Any CPU.Build.0 = Release|Any CPU
		{457C02F9-205E-4E5B-91B0-4F6BAC69F736}.Debug|Any CPU.ActiveCfg = Debug|Any CPU
		{457C02F9-205E-4E5B-91B0-4F6BAC69F736}.Debug|Any CPU.Build.0 = Debug|Any CPU
		{457C02F9-205E-4E5B-91B0-4F6BAC69F736}.Release|Any CPU.ActiveCfg = Release|Any CPU
		{457C02F9-205E-4E5B-91B0-4F6BAC69F736}.Release|Any CPU.Build.0 = Release|Any CPU
	EndGlobalSection
	GlobalSection(SolutionProperties) = preSolution
		HideSolutionNode = FALSE
	EndGlobalSection
	GlobalSection(ExtensibilityGlobals) = postSolution
		SolutionGuid = {4F8B9E37-77AF-4716-91D0-B72697A653FE}
	EndGlobalSection
EndGlobal
